
Microsoft Visual Studio Solution File, Format Version 12.00
# Visual Studio 15
Project("{FAE04EC0-301F-11D3-BF4B-00C04F79EFBC}") = "POS", "POS.csproj", "{B52E1B64-D28A-45CF-9B91-16A43B8D61DC}"
EndProject
Global
	GlobalSection(SolutionConfigurationPlatforms) = preSolution
		Debug|Any CPU = Debug|Any CPU
		Release|Any CPU = Release|Any CPU
	EndGlobalSection
	GlobalSection(ProjectConfigurationPlatforms) = postSolution
		{B52E1B64-D28A-45CF-9B91-16A43B8D61DC}.Debug|Any CPU.ActiveCfg = Debug|Any CPU
		{B52E1B64-D28A-45CF-9B91-16A43B8D61DC}.Debug|Any CPU.Build.0 = Debug|Any CPU
		{B52E1B64-D28A-45CF-9B91-16A43B8D61DC}.Release|Any CPU.ActiveCfg = Release|Any CPU
		{B52E1B64-D28A-45CF-9B91-16A43B8D61DC}.Release|Any CPU.Build.0 = Release|Any CPU
	EndGlobalSection
	GlobalSection(MonoDevelopProperties) = preSolution
		Policies = $0
		$0.DotNetNamingPolicy = $1
		$1.DirectoryNamespaceAssociation = PrefixedHierarchical
	EndGlobalSection
EndGlobal
